
Microsoft Visual Studio Solution File, Format Version 12.00
# Visual Studio Version 16
VisualStudioVersion = 16.0.32106.194
MinimumVisualStudioVersion = 10.0.40219.1
Project("{9A19103F-16F7-4668-BE54-9A1E7A4F7556}") = "FeedbackReporting.API", "FeedbackReporting\FeedbackReporting.API.csproj", "{23971DE7-0318-4483-A9CA-D96378BCE40D}"
EndProject
Project("{2150E333-8FDC-42A3-9474-1A3956D46DE8}") = "Utils", "Utils", "{A2912B12-2B3E-4109-84F0-D8AE0EEC6905}"
EndProject
Project("{9A19103F-16F7-4668-BE54-9A1E7A4F7556}") = "InMemoryDatabase", "Utils\InMemoryDatabase\InMemoryDatabase.csproj", "{59E2A470-F426-41D2-81F1-6FCC7B0D8F34}"
EndProject
Project("{FAE04EC0-301F-11D3-BF4B-00C04F79EFBC}") = "FeedbackReporting.Application", "FeedbackReporting.Application\FeedbackReporting.Application.csproj", "{D2CB2312-C2DA-43DD-B490-63CA83C26697}"
EndProject
Project("{FAE04EC0-301F-11D3-BF4B-00C04F79EFBC}") = "FeedbackReporting.Domain", "FeedbackReporting.Domain\FeedbackReporting.Domain.csproj", "{A52A25E0-2B5C-4C1C-BBC1-75F490F8494C}"
EndProject
Global
	GlobalSection(SolutionConfigurationPlatforms) = preSolution
		Debug|Any CPU = Debug|Any CPU
		Release|Any CPU = Release|Any CPU
	EndGlobalSection
	GlobalSection(ProjectConfigurationPlatforms) = postSolution
		{23971DE7-0318-4483-A9CA-D96378BCE40D}.Debug|Any CPU.ActiveCfg = Debug|Any CPU
		{23971DE7-0318-4483-A9CA-D96378BCE40D}.Debug|Any CPU.Build.0 = Debug|Any CPU
		{23971DE7-0318-4483-A9CA-D96378BCE40D}.Release|Any CPU.ActiveCfg = Release|Any CPU
		{23971DE7-0318-4483-A9CA-D96378BCE40D}.Release|Any CPU.Build.0 = Release|Any CPU
		{59E2A470-F426-41D2-81F1-6FCC7B0D8F34}.Debug|Any CPU.ActiveCfg = Debug|Any CPU
		{59E2A470-F426-41D2-81F1-6FCC7B0D8F34}.Debug|Any CPU.Build.0 = Debug|Any CPU
		{59E2A470-F426-41D2-81F1-6FCC7B0D8F34}.Release|Any CPU.ActiveCfg = Release|Any CPU
		{59E2A470-F426-41D2-81F1-6FCC7B0D8F34}.Release|Any CPU.Build.0 = Release|Any CPU
		{D2CB2312-C2DA-43DD-B490-63CA83C26697}.Debug|Any CPU.ActiveCfg = Debug|Any CPU
		{D2CB2312-C2DA-43DD-B490-63CA83C26697}.Debug|Any CPU.Build.0 = Debug|Any CPU
		{D2CB2312-C2DA-43DD-B490-63CA83C26697}.Release|Any CPU.ActiveCfg = Release|Any CPU
		{D2CB2312-C2DA-43DD-B490-63CA83C26697}.Release|Any CPU.Build.0 = Release|Any CPU
		{A52A25E0-2B5C-4C1C-BBC1-75F490F8494C}.Debug|Any CPU.ActiveCfg = Debug|Any CPU
		{A52A25E0-2B5C-4C1C-BBC1-75F490F8494C}.Debug|Any CPU.Build.0 = Debug|Any CPU
		{A52A25E0-2B5C-4C1C-BBC1-75F490F8494C}.Release|Any CPU.ActiveCfg = Release|Any CPU
		{A52A25E0-2B5C-4C1C-BBC1-75F490F8494C}.Release|Any CPU.Build.0 = Release|Any CPU
	EndGlobalSection
	GlobalSection(SolutionProperties) = preSolution
		HideSolutionNode = FALSE
	EndGlobalSection
	GlobalSection(NestedProjects) = preSolution
		{59E2A470-F426-41D2-81F1-6FCC7B0D8F34} = {A2912B12-2B3E-4109-84F0-D8AE0EEC6905}
	EndGlobalSection
	GlobalSection(ExtensibilityGlobals) = postSolution
		SolutionGuid = {8BBE25A4-96E9-4A36-969C-ECFFDC4513B3}
	EndGlobalSection
EndGlobal
